// !$*UTF8*$!
{
	archiveVersion = 1;
	classes = {
	};
	objectVersion = 60;
	objects = {

/* Begin PBXBuildFile section */
		101010101010101010101001 /* LensPilotApp.swift in Sources */ = {isa = PBXBuildFile; fileRef = 202020202020202020202001 /* LensPilotApp.swift */; };
		101010101010101010101002 /* CameraScreen.swift in Sources */ = {isa = PBXBuildFile; fileRef = 202020202020202020202002 /* CameraScreen.swift */; };
		101010101010101010101003 /* CameraScreenViewModel.swift in Sources */ = {isa = PBXBuildFile; fileRef = 202020202020202020202003 /* CameraScreenViewModel.swift */; };
		101010101010101010101004 /* CameraFrameAnalysisCoordinator.swift in Sources */ = {isa = PBXBuildFile; fileRef = 202020202020202020202004 /* CameraFrameAnalysisCoordinator.swift */; };
		101010101010101010101005 /* ReferenceViewer.swift in Sources */ = {isa = PBXBuildFile; fileRef = 202020202020202020202005 /* ReferenceViewer.swift */; };
		101010101010101010101011 /* SpeechIntentController.swift in Sources */ = {isa = PBXBuildFile; fileRef = 202020202020202020202009 /* SpeechIntentController.swift */; };
		101010101010101010101006 /* LensPilotCore in Frameworks */ = {isa = PBXBuildFile; productRef = 909090909090909090909001 /* LensPilotCore */; };
		101010101010101010101007 /* LensPilotCamera in Frameworks */ = {isa = PBXBuildFile; productRef = 909090909090909090909002 /* LensPilotCamera */; };
		101010101010101010101008 /* LensPilotVision in Frameworks */ = {isa = PBXBuildFile; productRef = 909090909090909090909003 /* LensPilotVision */; };
		101010101010101010101009 /* LensPilotDirector in Frameworks */ = {isa = PBXBuildFile; productRef = 909090909090909090909004 /* LensPilotDirector */; };
		101010101010101010101010 /* target-match-calibration.json in Resources */ = {isa = PBXBuildFile; fileRef = 202020202020202020202008 /* target-match-calibration.json */; };
/* End PBXBuildFile section */

/* Begin PBXFileReference section */
		202020202020202020202001 /* LensPilotApp.swift */ = {isa = PBXFileReference; lastKnownFileType = sourcecode.swift; path = LensPilotApp.swift; sourceTree = "<group>"; };
		202020202020202020202002 /* CameraScreen.swift */ = {isa = PBXFileReference; lastKnownFileType = sourcecode.swift; path = CameraScreen.swift; sourceTree = "<group>"; };
		202020202020202020202003 /* CameraScreenViewModel.swift */ = {isa = PBXFileReference; lastKnownFileType = sourcecode.swift; path = CameraScreenViewModel.swift; sourceTree = "<group>"; };
		202020202020202020202004 /* CameraFrameAnalysisCoordinator.swift */ = {isa = PBXFileReference; lastKnownFileType = sourcecode.swift; path = CameraFrameAnalysisCoordinator.swift; sourceTree = "<group>"; };
		202020202020202020202005 /* ReferenceViewer.swift */ = {isa = PBXFileReference; lastKnownFileType = sourcecode.swift; path = ReferenceViewer.swift; sourceTree = "<group>"; };
		202020202020202020202006 /* Info.plist */ = {isa = PBXFileReference; lastKnownFileType = text.plist.xml; path = Info.plist; sourceTree = "<group>"; };
		202020202020202020202007 /* LensPilotApp.app */ = {isa = PBXFileReference; explicitFileType = wrapper.application; includeInIndex = 0; path = LensPilotApp.app; sourceTree = BUILT_PRODUCTS_DIR; };
		202020202020202020202008 /* target-match-calibration.json */ = {isa = PBXFileReference; lastKnownFileType = text.json; name = "target-match-calibration.json"; path = "../../../tests/calibration/target-match-calibration.json"; sourceTree = SOURCE_ROOT; };
		202020202020202020202009 /* SpeechIntentController.swift */ = {isa = PBXFileReference; lastKnownFileType = sourcecode.swift; path = SpeechIntentController.swift; sourceTree = "<group>"; };
		202020202020202020202010 /* LensPilotConfig.xcconfig */ = {isa = PBXFileReference; lastKnownFileType = text.xcconfig; path = LensPilotConfig.xcconfig; sourceTree = "<group>"; };
/* End PBXFileReference section */

/* Begin PBXFrameworksBuildPhase section */
		303030303030303030303001 /* Frameworks */ = {
			isa = PBXFrameworksBuildPhase;
			buildActionMask = 2147483647;
			files = (
				101010101010101010101006 /* LensPilotCore in Frameworks */,
				101010101010101010101007 /* LensPilotCamera in Frameworks */,
				101010101010101010101008 /* LensPilotVision in Frameworks */,
				101010101010101010101009 /* LensPilotDirector in Frameworks */,
			);
			runOnlyForDeploymentPostprocessing = 0;
		};
/* End PBXFrameworksBuildPhase section */

/* Begin PBXGroup section */
		404040404040404040404001 = {
			isa = PBXGroup;
			children = (
				404040404040404040404002 /* App */,
				404040404040404040404003 /* Camera */,
				404040404040404040404004 /* Reference */,
				404040404040404040404007 /* Config */,
				404040404040404040404005 /* Support */,
				404040404040404040404006 /* Products */,
			);
			sourceTree = "<group>";
		};
		404040404040404040404002 /* App */ = {
			isa = PBXGroup;
			children = (
				202020202020202020202001 /* LensPilotApp.swift */,
			);
			path = App;
			sourceTree = "<group>";
		};
		404040404040404040404003 /* Camera */ = {
			isa = PBXGroup;
			children = (
				202020202020202020202004 /* CameraFrameAnalysisCoordinator.swift */,
				202020202020202020202002 /* CameraScreen.swift */,
				202020202020202020202003 /* CameraScreenViewModel.swift */,
				202020202020202020202009 /* SpeechIntentController.swift */,
			);
			path = Camera;
			sourceTree = "<group>";
		};
		404040404040404040404004 /* Reference */ = {
			isa = PBXGroup;
			children = (
				202020202020202020202005 /* ReferenceViewer.swift */,
			);
			path = Reference;
			sourceTree = "<group>";
		};
		404040404040404040404007 /* Config */ = {
			isa = PBXGroup;
			children = (
				202020202020202020202010 /* LensPilotConfig.xcconfig */,
			);
			path = Config;
			sourceTree = "<group>";
		};
		404040404040404040404005 /* Support */ = {
			isa = PBXGroup;
			children = (
				202020202020202020202006 /* Info.plist */,
				202020202020202020202008 /* target-match-calibration.json */,
			);
			path = Support;
			sourceTree = "<group>";
		};
		404040404040404040404006 /* Products */ = {
			isa = PBXGroup;
			children = (
				202020202020202020202007 /* LensPilotApp.app */,
			);
			name = Products;
			sourceTree = "<group>";
		};
/* End PBXGroup section */

/* Begin PBXNativeTarget section */
		A1B2C3D4E5F60718293A4B5C /* LensPilotApp */ = {
			isa = PBXNativeTarget;
			buildConfigurationList = 808080808080808080808002 /* Build configuration list for PBXNativeTarget "LensPilotApp" */;
			buildPhases = (
				606060606060606060606001 /* Sources */,
				303030303030303030303001 /* Frameworks */,
				707070707070707070707001 /* Resources */,
			);
			buildRules = (
			);
			dependencies = (
			);
			name = LensPilotApp;
			packageProductDependencies = (
				909090909090909090909001 /* LensPilotCore */,
				909090909090909090909002 /* LensPilotCamera */,
				909090909090909090909003 /* LensPilotVision */,
				909090909090909090909004 /* LensPilotDirector */,
			);
			productName = LensPilotApp;
			productReference = 202020202020202020202007 /* LensPilotApp.app */;
			productType = "com.apple.product-type.application";
		};
/* End PBXNativeTarget section */

/* Begin PBXProject section */
		505050505050505050505001 /* Project object */ = {
			isa = PBXProject;
			attributes = {
				BuildIndependentTargetsInParallel = 1;
				LastSwiftUpdateCheck = 1600;
				LastUpgradeCheck = 1600;
				TargetAttributes = {
					A1B2C3D4E5F60718293A4B5C = {
						CreatedOnToolsVersion = 16.0;
					};
				};
			};
			buildConfigurationList = 808080808080808080808001 /* Build configuration list for PBXProject "LensPilotApp" */;
			compatibilityVersion = "Xcode 15.0";
			developmentRegion = en;
			hasScannedForEncodings = 0;
			knownRegions = (
				en,
				Base,
			);
			mainGroup = 404040404040404040404001;
			packageReferences = (
				909090909090909090909000 /* XCLocalSwiftPackageReference "../../Package" */,
			);
			productRefGroup = 404040404040404040404006 /* Products */;
			projectDirPath = "";
			projectRoot = "";
			targets = (
				A1B2C3D4E5F60718293A4B5C /* LensPilotApp */,
			);
		};
/* End PBXProject section */

/* Begin PBXResourcesBuildPhase section */
		707070707070707070707001 /* Resources */ = {
			isa = PBXResourcesBuildPhase;
			buildActionMask = 2147483647;
			files = (
				101010101010101010101010 /* target-match-calibration.json in Resources */,
			);
			runOnlyForDeploymentPostprocessing = 0;
		};
/* End PBXResourcesBuildPhase section */

/* Begin PBXSourcesBuildPhase section */
		606060606060606060606001 /* Sources */ = {
			isa = PBXSourcesBuildPhase;
			buildActionMask = 2147483647;
			files = (
				101010101010101010101001 /* LensPilotApp.swift in Sources */,
				101010101010101010101004 /* CameraFrameAnalysisCoordinator.swift in Sources */,
				101010101010101010101002 /* CameraScreen.swift in Sources */,
				101010101010101010101003 /* CameraScreenViewModel.swift in Sources */,
				101010101010101010101011 /* SpeechIntentController.swift in Sources */,
				101010101010101010101005 /* ReferenceViewer.swift in Sources */,
			);
			runOnlyForDeploymentPostprocessing = 0;
		};
/* End PBXSourcesBuildPhase section */

/* Begin XCBuildConfiguration section */
		808080808080808080808003 /* Debug */ = {
			isa = XCBuildConfiguration;
			buildSettings = {
				ALWAYS_SEARCH_USER_PATHS = NO;
				CLANG_ANALYZER_NONNULL = YES;
				CLANG_ANALYZER_NUMBER_OBJECT_CONVERSION = YES_AGGRESSIVE;
				CLANG_CXX_LANGUAGE_STANDARD = "gnu++20";
				CLANG_ENABLE_MODULES = YES;
				CLANG_ENABLE_OBJC_ARC = YES;
				CLANG_ENABLE_OBJC_WEAK = YES;
				CLANG_WARN_BLOCK_CAPTURE_AUTORELEASING = YES;
				CLANG_WARN_BOOL_CONVERSION = YES;
				CLANG_WARN_COMMA = YES;
				CLANG_WARN_CONSTANT_CONVERSION = YES;
				CLANG_WARN_DEPRECATED_OBJC_IMPLEMENTATIONS = YES;
				CLANG_WARN_DIRECT_OBJC_ISA_USAGE = YES_ERROR;
				CLANG_WARN_DOCUMENTATION_COMMENTS = YES;
				CLANG_WARN_EMPTY_BODY = YES;
				CLANG_WARN_ENUM_CONVERSION = YES;
				CLANG_WARN_INFINITE_RECURSION = YES;
				CLANG_WARN_INT_CONVERSION = YES;
				CLANG_WARN_NON_LITERAL_NULL_CONVERSION = YES;
				CLANG_WARN_OBJC_IMPLICIT_RETAIN_SELF = YES;
				CLANG_WARN_OBJC_LITERAL_CONVERSION = YES;
				CLANG_WARN_OBJC_ROOT_CLASS = YES_ERROR;
				CLANG_WARN_QUOTED_INCLUDE_IN_FRAMEWORK_HEADER = YES;
				CLANG_WARN_RANGE_LOOP_ANALYSIS = YES;
				CLANG_WARN_STRICT_PROTOTYPES = YES;
				CLANG_WARN_SUSPICIOUS_MOVE = YES;
				CLANG_WARN_UNGUARDED_AVAILABILITY = YES_AGGRESSIVE;
				CLANG_WARN_UNREACHABLE_CODE = YES;
				CLANG_WARN__DUPLICATE_METHOD_MATCH = YES;
				COPY_PHASE_STRIP = NO;
				DEBUG_INFORMATION_FORMAT = dwarf;
				ENABLE_STRICT_OBJC_MSGSEND = YES;
				ENABLE_TESTABILITY = YES;
				ENABLE_USER_SCRIPT_SANDBOXING = YES;
				GCC_C_LANGUAGE_STANDARD = gnu17;
				GCC_DYNAMIC_NO_PIC = NO;
				GCC_NO_COMMON_BLOCKS = YES;
				GCC_OPTIMIZATION_LEVEL = 0;
				GCC_PREPROCESSOR_DEFINITIONS = (
					"DEBUG=1",
					"$(inherited)",
				);
				GCC_WARN_64_TO_32_BIT_CONVERSION = YES;
				GCC_WARN_ABOUT_RETURN_TYPE = YES_ERROR;
				GCC_WARN_UNDECLARED_SELECTOR = YES;
				GCC_WARN_UNINITIALIZED_AUTOS = YES_AGGRESSIVE;
				GCC_WARN_UNUSED_FUNCTION = YES;
				GCC_WARN_UNUSED_VARIABLE = YES;
				IPHONEOS_DEPLOYMENT_TARGET = 17.0;
				MTL_ENABLE_DEBUG_INFO = INCLUDE_SOURCE;
				MTL_FAST_MATH = YES;
				ONLY_ACTIVE_ARCH = YES;
				SDKROOT = iphoneos;
				SWIFT_ACTIVE_COMPILATION_CONDITIONS = DEBUG;
				SWIFT_OPTIMIZATION_LEVEL = "-Onone";
			};
			name = Debug;
		};
		808080808080808080808004 /* Release */ = {
			isa = XCBuildConfiguration;
			buildSettings = {
				ALWAYS_SEARCH_USER_PATHS = NO;
				CLANG_ANALYZER_NONNULL = YES;
				CLANG_ANALYZER_NUMBER_OBJECT_CONVERSION = YES_AGGRESSIVE;
				CLANG_CXX_LANGUAGE_STANDARD = "gnu++20";
				CLANG_ENABLE_MODULES = YES;
				CLANG_ENABLE_OBJC_ARC = YES;
				CLANG_ENABLE_OBJC_WEAK = YES;
				CLANG_WARN_BLOCK_CAPTURE_AUTORELEASING = YES;
				CLANG_WARN_BOOL_CONVERSION = YES;
				CLANG_WARN_COMMA = YES;
				CLANG_WARN_CONSTANT_CONVERSION = YES;
				CLANG_WARN_DEPRECATED_OBJC_IMPLEMENTATIONS = YES;
				CLANG_WARN_DIRECT_OBJC_ISA_USAGE = YES_ERROR;
				CLANG_WARN_DOCUMENTATION_COMMENTS = YES;
				CLANG_WARN_EMPTY_BODY = YES;
				CLANG_WARN_ENUM_CONVERSION = YES;
				CLANG_WARN_INFINITE_RECURSION = YES;
				CLANG_WARN_INT_CONVERSION = YES;
				CLANG_WARN_NON_LITERAL_NULL_CONVERSION = YES;
				CLANG_WARN_OBJC_IMPLICIT_RETAIN_SELF = YES;
				CLANG_WARN_OBJC_LITERAL_CONVERSION = YES;
				CLANG_WARN_OBJC_ROOT_CLASS = YES_ERROR;
				CLANG_WARN_QUOTED_INCLUDE_IN_FRAMEWORK_HEADER = YES;
				CLANG_WARN_RANGE_LOOP_ANALYSIS = YES;
				CLANG_WARN_STRICT_PROTOTYPES = YES;
				CLANG_WARN_SUSPICIOUS_MOVE = YES;
				CLANG_WARN_UNGUARDED_AVAILABILITY = YES_AGGRESSIVE;
				CLANG_WARN_UNREACHABLE_CODE = YES;
				CLANG_WARN__DUPLICATE_METHOD_MATCH = YES;
				COPY_PHASE_STRIP = NO;
				DEBUG_INFORMATION_FORMAT = "dwarf-with-dsym";
				ENABLE_NS_ASSERTIONS = NO;
				ENABLE_STRICT_OBJC_MSGSEND = YES;
				ENABLE_USER_SCRIPT_SANDBOXING = YES;
				GCC_C_LANGUAGE_STANDARD = gnu17;
				GCC_NO_COMMON_BLOCKS = YES;
				GCC_WARN_64_TO_32_BIT_CONVERSION = YES;
				GCC_WARN_ABOUT_RETURN_TYPE = YES_ERROR;
				GCC_WARN_UNDECLARED_SELECTOR = YES;
				GCC_WARN_UNINITIALIZED_AUTOS = YES_AGGRESSIVE;
				GCC_WARN_UNUSED_FUNCTION = YES;
				GCC_WARN_UNUSED_VARIABLE = YES;
				IPHONEOS_DEPLOYMENT_TARGET = 17.0;
				MTL_ENABLE_DEBUG_INFO = NO;
				MTL_FAST_MATH = YES;
				SDKROOT = iphoneos;
				SWIFT_COMPILATION_MODE = wholemodule;
				VALIDATE_PRODUCT = YES;
			};
			name = Release;
		};
		808080808080808080808005 /* Debug */ = {
			isa = XCBuildConfiguration;
			baseConfigurationReference = 202020202020202020202010 /* LensPilotConfig.xcconfig */;
			buildSettings = {
				ASSETCATALOG_COMPILER_GLOBAL_ACCENT_COLOR_NAME = AccentColor;
				CODE_SIGN_STYLE = Automatic;
				CURRENT_PROJECT_VERSION = 1;
				DEVELOPMENT_ASSET_PATHS = "";
				DEVELOPMENT_TEAM = "";
				ENABLE_PREVIEWS = YES;
				GENERATE_INFOPLIST_FILE = NO;
				INFOPLIST_FILE = Support/Info.plist;
				IPHONEOS_DEPLOYMENT_TARGET = 17.0;
				LD_RUNPATH_SEARCH_PATHS = (
					"$(inherited)",
					"@executable_path/Frameworks",
				);
				MARKETING_VERSION = 0.1;
				PRODUCT_BUNDLE_IDENTIFIER = ai.lenspilot.app;
				PRODUCT_NAME = "$(TARGET_NAME)";
				SWIFT_EMIT_LOC_STRINGS = YES;
				SWIFT_VERSION = 5.0;
				TARGETED_DEVICE_FAMILY = "1,2";
			};
			name = Debug;
		};
		808080808080808080808006 /* Release */ = {
			isa = XCBuildConfiguration;
			baseConfigurationReference = 202020202020202020202010 /* LensPilotConfig.xcconfig */;
			buildSettings = {
				ASSETCATALOG_COMPILER_GLOBAL_ACCENT_COLOR_NAME = AccentColor;
				CODE_SIGN_STYLE = Automatic;
				CURRENT_PROJECT_VERSION = 1;
				DEVELOPMENT_ASSET_PATHS = "";
				DEVELOPMENT_TEAM = "";
				ENABLE_PREVIEWS = YES;
				GENERATE_INFOPLIST_FILE = NO;
				INFOPLIST_FILE = Support/Info.plist;
				IPHONEOS_DEPLOYMENT_TARGET = 17.0;
				LD_RUNPATH_SEARCH_PATHS = (
					"$(inherited)",
					"@executable_path/Frameworks",
				);
				MARKETING_VERSION = 0.1;
				PRODUCT_BUNDLE_IDENTIFIER = ai.lenspilot.app;
				PRODUCT_NAME = "$(TARGET_NAME)";
				SWIFT_EMIT_LOC_STRINGS = YES;
				SWIFT_VERSION = 5.0;
				TARGETED_DEVICE_FAMILY = "1,2";
			};
			name = Release;
		};
/* End XCBuildConfiguration section */

/* Begin XCConfigurationList section */
		808080808080808080808001 /* Build configuration list for PBXProject "LensPilotApp" */ = {
			isa = XCConfigurationList;
			buildConfigurations = (
				808080808080808080808003 /* Debug */,
				808080808080808080808004 /* Release */,
			);
			defaultConfigurationIsVisible = 0;
			defaultConfigurationName = Release;
		};
		808080808080808080808002 /* Build configuration list for PBXNativeTarget "LensPilotApp" */ = {
			isa = XCConfigurationList;
			buildConfigurations = (
				808080808080808080808005 /* Debug */,
				808080808080808080808006 /* Release */,
			);
			defaultConfigurationIsVisible = 0;
			defaultConfigurationName = Release;
		};
/* End XCConfigurationList section */

/* Begin XCLocalSwiftPackageReference section */
		909090909090909090909000 /* XCLocalSwiftPackageReference "../../Package" */ = {
			isa = XCLocalSwiftPackageReference;
			relativePath = ../../Package;
		};
/* End XCLocalSwiftPackageReference section */

/* Begin XCSwiftPackageProductDependency section */
		909090909090909090909001 /* LensPilotCore */ = {
			isa = XCSwiftPackageProductDependency;
			package = 909090909090909090909000 /* XCLocalSwiftPackageReference "../../Package" */;
			productName = LensPilotCore;
		};
		909090909090909090909002 /* LensPilotCamera */ = {
			isa = XCSwiftPackageProductDependency;
			package = 909090909090909090909000 /* XCLocalSwiftPackageReference "../../Package" */;
			productName = LensPilotCamera;
		};
		909090909090909090909003 /* LensPilotVision */ = {
			isa = XCSwiftPackageProductDependency;
			package = 909090909090909090909000 /* XCLocalSwiftPackageReference "../../Package" */;
			productName = LensPilotVision;
		};
		909090909090909090909004 /* LensPilotDirector */ = {
			isa = XCSwiftPackageProductDependency;
			package = 909090909090909090909000 /* XCLocalSwiftPackageReference "../../Package" */;
			productName = LensPilotDirector;
		};
/* End XCSwiftPackageProductDependency section */
	};
	rootObject = 505050505050505050505001 /* Project object */;
}
